// !$*UTF8*$!
{
	archiveVersion = 1;
	classes = {
	};
	objectVersion = 48;
	objects = {

/* Begin PBXBuildFile section */
		75105B712062A26400D4A200 /* AppDelegate.swift in Sources */ = {isa = PBXBuildFile; fileRef = 75105B702062A26400D4A200 /* AppDelegate.swift */; };
		75105B732062A26400D4A200 /* ViewController.swift in Sources */ = {isa = PBXBuildFile; fileRef = 75105B722062A26400D4A200 /* ViewController.swift */; };
		75105B762062A26400D4A200 /* Main.storyboard in Resources */ = {isa = PBXBuildFile; fileRef = 75105B742062A26400D4A200 /* Main.storyboard */; };
		75105B782062A26400D4A200 /* Assets.xcassets in Resources */ = {isa = PBXBuildFile; fileRef = 75105B772062A26400D4A200 /* Assets.xcassets */; };
		75105B7B2062A26400D4A200 /* LaunchScreen.storyboard in Resources */ = {isa = PBXBuildFile; fileRef = 75105B792062A26400D4A200 /* LaunchScreen.storyboard */; };
		75105B832062A3C300D4A200 /* PlayerViewController.swift in Sources */ = {isa = PBXBuildFile; fileRef = 75105B822062A3C300D4A200 /* PlayerViewController.swift */; };
		75105B892062AADB00D4A200 /* ElephantSeals.mov in Resources */ = {isa = PBXBuildFile; fileRef = 75105B882062AADB00D4A200 /* ElephantSeals.mov */; };
/* End PBXBuildFile section */

/* Begin PBXFileReference section */
		75105B6D2062A26400D4A200 /* AirplayDemo.app */ = {isa = PBXFileReference; explicitFileType = wrapper.application; includeInIndex = 0; path = AirplayDemo.app; sourceTree = BUILT_PRODUCTS_DIR; };
		75105B702062A26400D4A200 /* AppDelegate.swift */ = {isa = PBXFileReference; lastKnownFileType = sourcecode.swift; path = AppDelegate.swift; sourceTree = "<group>"; };
		75105B722062A26400D4A200 /* ViewController.swift */ = {isa = PBXFileReference; lastKnownFileType = sourcecode.swift; path = ViewController.swift; sourceTree = "<group>"; };
		75105B752062A26400D4A200 /* Base */ = {isa = PBXFileReference; lastKnownFileType = file.storyboard; name = Base; path = Base.lproj/Main.storyboard; sourceTree = "<group>"; };
		75105B772062A26400D4A200 /* Assets.xcassets */ = {isa = PBXFileReference; lastKnownFileType = folder.assetcatalog; path = Assets.xcassets; sourceTree = "<group>"; };
		75105B7A2062A26400D4A200 /* Base */ = {isa = PBXFileReference; lastKnownFileType = file.storyboard; name = Base; path = Base.lproj/LaunchScreen.storyboard; sourceTree = "<group>"; };
		75105B7C2062A26400D4A200 /* Info.plist */ = {isa = PBXFileReference; lastKnownFileType = text.plist.xml; path = Info.plist; sourceTree = "<group>"; };
		75105B822062A3C300D4A200 /* PlayerViewController.swift */ = {isa = PBXFileReference; lastKnownFileType = sourcecode.swift; path = PlayerViewController.swift; sourceTree = "<group>"; };
		75105B882062AADB00D4A200 /* ElephantSeals.mov */ = {isa = PBXFileReference; lastKnownFileType = video.quicktime; path = ElephantSeals.mov; sourceTree = "<group>"; };
/* End PBXFileReference section */

/* Begin PBXFrameworksBuildPhase section */
		75105B6A2062A26400D4A200 /* Frameworks */ = {
			isa = PBXFrameworksBuildPhase;
			buildActionMask = 2147483647;
			files = (
			);
			runOnlyForDeploymentPostprocessing = 0;
		};
/* End PBXFrameworksBuildPhase section */

/* Begin PBXGroup section */
		75105B642062A26400D4A200 = {
			isa = PBXGroup;
			children = (
				75105B6F2062A26400D4A200 /* AirplayDemo */,
				75105B6E2062A26400D4A200 /* Products */,
			);
			sourceTree = "<group>";
		};
		75105B6E2062A26400D4A200 /* Products */ = {
			isa = PBXGroup;
			children = (
				75105B6D2062A26400D4A200 /* AirplayDemo.app */,
			);
			name = Products;
			sourceTree = "<group>";
		};
		75105B6F2062A26400D4A200 /* AirplayDemo */ = {
			isa = PBXGroup;
			children = (
				75105B702062A26400D4A200 /* AppDelegate.swift */,
				75105B722062A26400D4A200 /* ViewController.swift */,
				75105B822062A3C300D4A200 /* PlayerViewController.swift */,
				75105B742062A26400D4A200 /* Main.storyboard */,
				75105B772062A26400D4A200 /* Assets.xcassets */,
				75105B792062A26400D4A200 /* LaunchScreen.storyboard */,
				75105B7C2062A26400D4A200 /* Info.plist */,
				75105B882062AADB00D4A200 /* ElephantSeals.mov */,
			);
			path = AirplayDemo;
			sourceTree = "<group>";
		};
/* End PBXGroup section */

/* Begin PBXNativeTarget section */
		75105B6C2062A26400D4A200 /* AirplayDemo */ = {
			isa = PBXNativeTarget;
			buildConfigurationList = 75105B7F2062A26400D4A200 /* Build configuration list for PBXNativeTarget "AirplayDemo" */;
			buildPhases = (
				75105B692062A26400D4A200 /* Sources */,
				75105B6A2062A26400D4A200 /* Frameworks */,
				75105B6B2062A26400D4A200 /* Resources */,
			);
			buildRules = (
			);
			dependencies = (
			);
			name = AirplayDemo;
			productName = AirplayDemo;
			productReference = 75105B6D2062A26400D4A200 /* AirplayDemo.app */;
			productType = "com.apple.product-type.application";
		};
/* End PBXNativeTarget section */

/* Begin PBXProject section */
		75105B652062A26400D4A200 /* Project object */ = {
			isa = PBXProject;
			attributes = {
				LastSwiftUpdateCheck = 0920;
				LastUpgradeCheck = 0920;
				ORGANIZATIONNAME = demo;
				TargetAttributes = {
					75105B6C2062A26400D4A200 = {
						CreatedOnToolsVersion = 9.2;
						ProvisioningStyle = Automatic;
					};
				};
			};
			buildConfigurationList = 75105B682062A26400D4A200 /* Build configuration list for PBXProject "AirplayDemo" */;
			compatibilityVersion = "Xcode 8.0";
			developmentRegion = en;
			hasScannedForEncodings = 0;
			knownRegions = (
				en,
				Base,
			);
			mainGroup = 75105B642062A26400D4A200;
			productRefGroup = 75105B6E2062A26400D4A200 /* Products */;
			projectDirPath = "";
			projectRoot = "";
			targets = (
				75105B6C2062A26400D4A200 /* AirplayDemo */,
			);
		};
/* End PBXProject section */

/* Begin PBXResourcesBuildPhase section */
		75105B6B2062A26400D4A200 /* Resources */ = {
			isa = PBXResourcesBuildPhase;
			buildActionMask = 2147483647;
			files = (
				75105B7B2062A26400D4A200 /* LaunchScreen.storyboard in Resources */,
				75105B782062A26400D4A200 /* Assets.xcassets in Resources */,
				75105B892062AADB00D4A200 /* ElephantSeals.mov in Resources */,
				75105B762062A26400D4A200 /* Main.storyboard in Resources */,
			);
			runOnlyForDeploymentPostprocessing = 0;
		};
/* End PBXResourcesBuildPhase section */

/* Begin PBXSourcesBuildPhase section */
		75105B692062A26400D4A200 /* Sources */ = {
			isa = PBXSourcesBuildPhase;
			buildActionMask = 2147483647;
			files = (
				75105B732062A26400D4A200 /* ViewController.swift in Sources */,
				75105B712062A26400D4A200 /* AppDelegate.swift in Sources */,
				75105B832062A3C300D4A200 /* PlayerViewController.swift in Sources */,
			);
			runOnlyForDeploymentPostprocessing = 0;
		};
/* End PBXSourcesBuildPhase section */

/* Begin PBXVariantGroup section */
		75105B742062A26400D4A200 /* Main.storyboard */ = {
			isa = PBXVariantGroup;
			children = (
				75105B752062A26400D4A200 /* Base */,
			);
			name = Main.storyboard;
			sourceTree = "<group>";
		};
		75105B792062A26400D4A200 /* LaunchScreen.storyboard */ = {
			isa = PBXVariantGroup;
			children = (
				75105B7A2062A26400D4A200 /* Base */,
			);
			name = LaunchScreen.storyboard;
			sourceTree = "<group>";
		};
/* End PBXVariantGroup section */

/* Begin XCBuildConfiguration section */
		75105B7D2062A26400D4A200 /* Debug */ = {
			isa = XCBuildConfiguration;
			buildSettings = {
				ALWAYS_SEARCH_USER_PATHS = NO;
				CLANG_ANALYZER_NONNULL = YES;
				CLANG_ANALYZER_NUMBER_OBJECT_CONVERSION = YES_AGGRESSIVE;
				CLANG_CXX_LANGUAGE_STANDARD = "gnu++14";
				CLANG_CXX_LIBRARY = "libc++";
				CLANG_ENABLE_MODULES = YES;
				CLANG_ENABLE_OBJC_ARC = YES;
				CLANG_WARN_BLOCK_CAPTURE_AUTORELEASING = YES;
				CLANG_WARN_BOOL_CONVERSION = YES;
				CLANG_WARN_COMMA = YES;
				CLANG_WARN_CONSTANT_CONVERSION = YES;
				CLANG_WARN_DIRECT_OBJC_ISA_USAGE = YES_ERROR;
				CLANG_WARN_DOCUMENTATION_COMMENTS = YES;
				CLANG_WARN_EMPTY_BODY = YES;
				CLANG_WARN_ENUM_CONVERSION = YES;
				CLANG_WARN_INFINITE_RECURSION = YES;
				CLANG_WARN_INT_CONVERSION = YES;
				CLANG_WARN_NON_LITERAL_NULL_CONVERSION = YES;
				CLANG_WARN_OBJC_LITERAL_CONVERSION = YES;
				CLANG_WARN_OBJC_ROOT_CLASS = YES_ERROR;
				CLANG_WARN_RANGE_LOOP_ANALYSIS = YES;
				CLANG_WARN_STRICT_PROTOTYPES = YES;
				CLANG_WARN_SUSPICIOUS_MOVE = YES;
				CLANG_WARN_UNGUARDED_AVAILABILITY = YES_AGGRESSIVE;
				CLANG_WARN_UNREACHABLE_CODE = YES;
				CLANG_WARN__DUPLICATE_METHOD_MATCH = YES;
				CODE_SIGN_IDENTITY = "iPhone Developer";
				COPY_PHASE_STRIP = NO;
				DEBUG_INFORMATION_FORMAT = dwarf;
				ENABLE_STRICT_OBJC_MSGSEND = YES;
				ENABLE_TESTABILITY = YES;
				GCC_C_LANGUAGE_STANDARD = gnu11;
				GCC_DYNAMIC_NO_PIC = NO;
				GCC_NO_COMMON_BLOCKS = YES;
				GCC_OPTIMIZATION_LEVEL = 0;
				GCC_PREPROCESSOR_DEFINITIONS = (
					"DEBUG=1",
					"$(inherited)",
				);
				GCC_WARN_64_TO_32_BIT_CONVERSION = YES;
				GCC_WARN_ABOUT_RETURN_TYPE = YES_ERROR;
				GCC_WARN_UNDECLARED_SELECTOR = YES;
				GCC_WARN_UNINITIALIZED_AUTOS = YES_AGGRESSIVE;
				GCC_WARN_UNUSED_FUNCTION = YES;
				GCC_WARN_UNUSED_VARIABLE = YES;
				IPHONEOS_DEPLOYMENT_TARGET = 11.2;
				MTL_ENABLE_DEBUG_INFO = YES;
				ONLY_ACTIVE_ARCH = YES;
				SDKROOT = iphoneos;
				SWIFT_ACTIVE_COMPILATION_CONDITIONS = DEBUG;
				SWIFT_OPTIMIZATION_LEVEL = "-Onone";
			};
			name = Debug;
		};
		75105B7E2062A26400D4A200 /* Release */ = {
			isa = XCBuildConfiguration;
			buildSettings = {
				ALWAYS_SEARCH_USER_PATHS = NO;
				CLANG_ANALYZER_NONNULL = YES;
				CLANG_ANALYZER_NUMBER_OBJECT_CONVERSION = YES_AGGRESSIVE;
				CLANG_CXX_LANGUAGE_STANDARD = "gnu++14";
				CLANG_CXX_LIBRARY = "libc++";
				CLANG_ENABLE_MODULES = YES;
				CLANG_ENABLE_OBJC_ARC = YES;
				CLANG_WARN_BLOCK_CAPTURE_AUTORELEASING = YES;
				CLANG_WARN_BOOL_CONVERSION = YES;
				CLANG_WARN_COMMA = YES;
				CLANG_WARN_CONSTANT_CONVERSION = YES;
				CLANG_WARN_DIRECT_OBJC_ISA_USAGE = YES_ERROR;
				CLANG_WARN_DOCUMENTATION_COMMENTS = YES;
				CLANG_WARN_EMPTY_BODY = YES;
				CLANG_WARN_ENUM_CONVERSION = YES;
				CLANG_WARN_INFINITE_RECURSION = YES;
				CLANG_WARN_INT_CONVERSION = YES;
				CLANG_WARN_NON_LITERAL_NULL_CONVERSION = YES;
				CLANG_WARN_OBJC_LITERAL_CONVERSION = YES;
				CLANG_WARN_OBJC_ROOT_CLASS = YES_ERROR;
				CLANG_WARN_RANGE_LOOP_ANALYSIS = YES;
				CLANG_WARN_STRICT_PROTOTYPES = YES;
				CLANG_WARN_SUSPICIOUS_MOVE = YES;
				CLANG_WARN_UNGUARDED_AVAILABILITY = YES_AGGRESSIVE;
				CLANG_WARN_UNREACHABLE_CODE = YES;
				CLANG_WARN__DUPLICATE_METHOD_MATCH = YES;
				CODE_SIGN_IDENTITY = "iPhone Developer";
				COPY_PHASE_STRIP = NO;
				DEBUG_INFORMATION_FORMAT = "dwarf-with-dsym";
				ENABLE_NS_ASSERTIONS = NO;
				ENABLE_STRICT_OBJC_MSGSEND = YES;
				GCC_C_LANGUAGE_STANDARD = gnu11;
				GCC_NO_COMMON_BLOCKS = YES;
				GCC_WARN_64_TO_32_BIT_CONVERSION = YES;
				GCC_WARN_ABOUT_RETURN_TYPE = YES_ERROR;
				GCC_WARN_UNDECLARED_SELECTOR = YES;
				GCC_WARN_UNINITIALIZED_AUTOS = YES_AGGRESSIVE;
				GCC_WARN_UNUSED_FUNCTION = YES;
				GCC_WARN_UNUSED_VARIABLE = YES;
				IPHONEOS_DEPLOYMENT_TARGET = 11.2;
				MTL_ENABLE_DEBUG_INFO = NO;
				SDKROOT = iphoneos;
				SWIFT_OPTIMIZATION_LEVEL = "-Owholemodule";
				VALIDATE_PRODUCT = YES;
			};
			name = Release;
		};
		75105B802062A26400D4A200 /* Debug */ = {
			isa = XCBuildConfiguration;
			buildSettings = {
				ASSETCATALOG_COMPILER_APPICON_NAME = AppIcon;
				CODE_SIGN_STYLE = Automatic;
				DEVELOPMENT_TEAM = 27E4RE9835;
				INFOPLIST_FILE = AirplayDemo/Info.plist;
				IPHONEOS_DEPLOYMENT_TARGET = 10.0;
				LD_RUNPATH_SEARCH_PATHS = "$(inherited) @executable_path/Frameworks";
				PRODUCT_BUNDLE_IDENTIFIER = com.demo.AirplayDemo;
				PRODUCT_NAME = "$(TARGET_NAME)";
				SWIFT_VERSION = 4.0;
				TARGETED_DEVICE_FAMILY = "1,2";
			};
			name = Debug;
		};
		75105B812062A26400D4A200 /* Release */ = {
			isa = XCBuildConfiguration;
			buildSettings = {
				ASSETCATALOG_COMPILER_APPICON_NAME = AppIcon;
				CODE_SIGN_STYLE = Automatic;
				DEVELOPMENT_TEAM = 27E4RE9835;
				INFOPLIST_FILE = AirplayDemo/Info.plist;
				IPHONEOS_DEPLOYMENT_TARGET = 10.0;
				LD_RUNPATH_SEARCH_PATHS = "$(inherited) @executable_path/Frameworks";
				PRODUCT_BUNDLE_IDENTIFIER = com.demo.AirplayDemo;
				PRODUCT_NAME = "$(TARGET_NAME)";
				SWIFT_VERSION = 4.0;
				TARGETED_DEVICE_FAMILY = "1,2";
			};
			name = Release;
		};
/* End XCBuildConfiguration section */

/* Begin XCConfigurationList section */
		75105B682062A26400D4A200 /* Build configuration list for PBXProject "AirplayDemo" */ = {
			isa = XCConfigurationList;
			buildConfigurations = (
				75105B7D2062A26400D4A200 /* Debug */,
				75105B7E2062A26400D4A200 /* Release */,
			);
			defaultConfigurationIsVisible = 0;
			defaultConfigurationName = Release;
		};
		75105B7F2062A26400D4A200 /* Build configuration list for PBXNativeTarget "AirplayDemo" */ = {
			isa = XCConfigurationList;
			buildConfigurations = (
				75105B802062A26400D4A200 /* Debug */,
				75105B812062A26400D4A200 /* Release */,
			);
			defaultConfigurationIsVisible = 0;
			defaultConfigurationName = Release;
		};
/* End XCConfigurationList section */
	};
	rootObject = 75105B652062A26400D4A200 /* Project object */;
}
